Microsoft Visual Studio Solution File, Format Version 12.00
# Visual Studio 15
VisualStudioVersion = 15.0.27004.2002
MinimumVisualStudioVersion = 10.0.40219.1
Project("{2150E333-8FDC-42A3-9474-1A3956D46DE8}") = "Solution Items", "Solution Items", "{B44EF77F-33EB-40B9-BF2A-83E6B5CE7EAF}"
	ProjectSection(SolutionItems) = preProject
		.editorconfig = .editorconfig
		build.cmd = build.cmd
		COPYING.txt = COPYING.txt
		Elmah.SqlServer.nuspec = Elmah.SqlServer.nuspec
		msbuild.cmd = msbuild.cmd
		pack.cmd = pack.cmd
		README.md = README.md
	EndProjectSection
EndProject
Project("{FAE04EC0-301F-11D3-BF4B-00C04F79EFBC}") = "Elmah.SqlServer", "src\Elmah.SqlServer.csproj", "{FD960C29-E686-4EE0-B4BC-1D826877CB2E}"
EndProject
Global
	GlobalSection(SolutionConfigurationPlatforms) = preSolution
		NETFX 3.5 Debug|Any CPU = NETFX 3.5 Debug|Any CPU
		NETFX 3.5 Release|Any CPU = NETFX 3.5 Release|Any CPU
		NETFX 4.0 Debug|Any CPU = NETFX 4.0 Debug|Any CPU
		NETFX 4.0 Release|Any CPU = NETFX 4.0 Release|Any CPU
		NETFX 4.5 Debug|Any CPU = NETFX 4.5 Debug|Any CPU
		NETFX 4.5 Release|Any CPU = NETFX 4.5 Release|Any CPU
	EndGlobalSection
	GlobalSection(ProjectConfigurationPlatforms) = postSolution
		{FD960C29-E686-4EE0-B4BC-1D826877CB2E}.NETFX 3.5 Debug|Any CPU.ActiveCfg = NETFX 3.5 Debug|Any CPU
		{FD960C29-E686-4EE0-B4BC-1D826877CB2E}.NETFX 3.5 Debug|Any CPU.Build.0 = NETFX 3.5 Debug|Any CPU
		{FD960C29-E686-4EE0-B4BC-1D826877CB2E}.NETFX 3.5 Release|Any CPU.ActiveCfg = NETFX 3.5 Release|Any CPU
		{FD960C29-E686-4EE0-B4BC-1D826877CB2E}.NETFX 3.5 Release|Any CPU.Build.0 = NETFX 3.5 Release|Any CPU
		{FD960C29-E686-4EE0-B4BC-1D826877CB2E}.NETFX 4.0 Debug|Any CPU.ActiveCfg = NETFX 4.0 Debug|Any CPU
		{FD960C29-E686-4EE0-B4BC-1D826877CB2E}.NETFX 4.0 Debug|Any CPU.Build.0 = NETFX 4.0 Debug|Any CPU
		{FD960C29-E686-4EE0-B4BC-1D826877CB2E}.NETFX 4.0 Release|Any CPU.ActiveCfg = NETFX 4.0 Release|Any CPU
		{FD960C29-E686-4EE0-B4BC-1D826877CB2E}.NETFX 4.0 Release|Any CPU.Build.0 = NETFX 4.0 Release|Any CPU
		{FD960C29-E686-4EE0-B4BC-1D826877CB2E}.NETFX 4.5 Debug|Any CPU.ActiveCfg = NETFX 4.5 Debug|Any CPU
		{FD960C29-E686-4EE0-B4BC-1D826877CB2E}.NETFX 4.5 Debug|Any CPU.Build.0 = NETFX 4.5 Debug|Any CPU
		{FD960C29-E686-4EE0-B4BC-1D826877CB2E}.NETFX 4.5 Release|Any CPU.ActiveCfg = NETFX 4.5 Release|Any CPU
		{FD960C29-E686-4EE0-B4BC-1D826877CB2E}.NETFX 4.5 Release|Any CPU.Build.0 = NETFX 4.5 Release|Any CPU
	EndGlobalSection
	GlobalSection(SolutionProperties) = preSolution
		HideSolutionNode = FALSE
	EndGlobalSection
	GlobalSection(ExtensibilityGlobals) = postSolution
		SolutionGuid = {A606CD26-3A2D-4A4C-AE99-D16870F023D2}
	EndGlobalSection
EndGlobal
